// !$*UTF8*$!
{
	archiveVersion = 1;
	classes = {
	};
	objectVersion = 48;
	objects = {

/* Begin PBXBuildFile section */
		793354CE2097478500F5029C /* AppDelegate.swift in Sources */ = {isa = PBXBuildFile; fileRef = 793354CD2097478500F5029C /* AppDelegate.swift */; };
		793354D02097478500F5029C /* GameScene.sks in Resources */ = {isa = PBXBuildFile; fileRef = 793354CF2097478500F5029C /* GameScene.sks */; };
		793354D22097478500F5029C /* Actions.sks in Resources */ = {isa = PBXBuildFile; fileRef = 793354D12097478500F5029C /* Actions.sks */; };
		793354D42097478500F5029C /* GameScene.swift in Sources */ = {isa = PBXBuildFile; fileRef = 793354D32097478500F5029C /* GameScene.swift */; };
		793354D62097478500F5029C /* GameViewController.swift in Sources */ = {isa = PBXBuildFile; fileRef = 793354D52097478500F5029C /* GameViewController.swift */; };
		793354D92097478500F5029C /* Main.storyboard in Resources */ = {isa = PBXBuildFile; fileRef = 793354D72097478500F5029C /* Main.storyboard */; };
		793354DB2097478500F5029C /* Assets.xcassets in Resources */ = {isa = PBXBuildFile; fileRef = 793354DA2097478500F5029C /* Assets.xcassets */; };
		793354DE2097478500F5029C /* LaunchScreen.storyboard in Resources */ = {isa = PBXBuildFile; fileRef = 793354DC2097478500F5029C /* LaunchScreen.storyboard */; };
/* End PBXBuildFile section */

/* Begin PBXFileReference section */
		793354CA2097478500F5029C /* MyGame1.app */ = {isa = PBXFileReference; explicitFileType = wrapper.application; includeInIndex = 0; path = MyGame1.app; sourceTree = BUILT_PRODUCTS_DIR; };
		793354CD2097478500F5029C /* AppDelegate.swift */ = {isa = PBXFileReference; lastKnownFileType = sourcecode.swift; path = AppDelegate.swift; sourceTree = "<group>"; };
		793354CF2097478500F5029C /* GameScene.sks */ = {isa = PBXFileReference; lastKnownFileType = file.sks; path = GameScene.sks; sourceTree = "<group>"; };
		793354D12097478500F5029C /* Actions.sks */ = {isa = PBXFileReference; lastKnownFileType = file.sks; path = Actions.sks; sourceTree = "<group>"; };
		793354D32097478500F5029C /* GameScene.swift */ = {isa = PBXFileReference; lastKnownFileType = sourcecode.swift; path = GameScene.swift; sourceTree = "<group>"; };
		793354D52097478500F5029C /* GameViewController.swift */ = {isa = PBXFileReference; lastKnownFileType = sourcecode.swift; path = GameViewController.swift; sourceTree = "<group>"; };
		793354D82097478500F5029C /* Base */ = {isa = PBXFileReference; lastKnownFileType = file.storyboard; name = Base; path = Base.lproj/Main.storyboard; sourceTree = "<group>"; };
		793354DA2097478500F5029C /* Assets.xcassets */ = {isa = PBXFileReference; lastKnownFileType = folder.assetcatalog; path = Assets.xcassets; sourceTree = "<group>"; };
		793354DD2097478500F5029C /* Base */ = {isa = PBXFileReference; lastKnownFileType = file.storyboard; name = Base; path = Base.lproj/LaunchScreen.storyboard; sourceTree = "<group>"; };
		793354DF2097478500F5029C /* Info.plist */ = {isa = PBXFileReference; lastKnownFileType = text.plist.xml; path = Info.plist; sourceTree = "<group>"; };
/* End PBXFileReference section */

/* Begin PBXFrameworksBuildPhase section */
		793354C72097478500F5029C /* Frameworks */ = {
			isa = PBXFrameworksBuildPhase;
			buildActionMask = 2147483647;
			files = (
			);
			runOnlyForDeploymentPostprocessing = 0;
		};
/* End PBXFrameworksBuildPhase section */

/* Begin PBXGroup section */
		793354C12097478500F5029C = {
			isa = PBXGroup;
			children = (
				793354CC2097478500F5029C /* MyGame1 */,
				793354CB2097478500F5029C /* Products */,
			);
			sourceTree = "<group>";
		};
		793354CB2097478500F5029C /* Products */ = {
			isa = PBXGroup;
			children = (
				793354CA2097478500F5029C /* MyGame1.app */,
			);
			name = Products;
			sourceTree = "<group>";
		};
		793354CC2097478500F5029C /* MyGame1 */ = {
			isa = PBXGroup;
			children = (
				793354CD2097478500F5029C /* AppDelegate.swift */,
				793354CF2097478500F5029C /* GameScene.sks */,
				793354D12097478500F5029C /* Actions.sks */,
				793354D32097478500F5029C /* GameScene.swift */,
				793354D52097478500F5029C /* GameViewController.swift */,
				793354D72097478500F5029C /* Main.storyboard */,
				793354DA2097478500F5029C /* Assets.xcassets */,
				793354DC2097478500F5029C /* LaunchScreen.storyboard */,
				793354DF2097478500F5029C /* Info.plist */,
			);
			path = MyGame1;
			sourceTree = "<group>";
		};
/* End PBXGroup section */

/* Begin PBXNativeTarget section */
		793354C92097478500F5029C /* MyGame1 */ = {
			isa = PBXNativeTarget;
			buildConfigurationList = 793354E22097478500F5029C /* Build configuration list for PBXNativeTarget "MyGame1" */;
			buildPhases = (
				793354C62097478500F5029C /* Sources */,
				793354C72097478500F5029C /* Frameworks */,
				793354C82097478500F5029C /* Resources */,
			);
			buildRules = (
			);
			dependencies = (
			);
			name = MyGame1;
			productName = MyGame1;
			productReference = 793354CA2097478500F5029C /* MyGame1.app */;
			productType = "com.apple.product-type.application";
		};
/* End PBXNativeTarget section */

/* Begin PBXProject section */
		793354C22097478500F5029C /* Project object */ = {
			isa = PBXProject;
			attributes = {
				LastSwiftUpdateCheck = 0920;
				LastUpgradeCheck = 0920;
				ORGANIZATIONNAME = SKJ2;
				TargetAttributes = {
					793354C92097478500F5029C = {
						CreatedOnToolsVersion = 9.2;
						ProvisioningStyle = Automatic;
					};
				};
			};
			buildConfigurationList = 793354C52097478500F5029C /* Build configuration list for PBXProject "MyGame1" */;
			compatibilityVersion = "Xcode 8.0";
			developmentRegion = en;
			hasScannedForEncodings = 0;
			knownRegions = (
				en,
				Base,
			);
			mainGroup = 793354C12097478500F5029C;
			productRefGroup = 793354CB2097478500F5029C /* Products */;
			projectDirPath = "";
			projectRoot = "";
			targets = (
				793354C92097478500F5029C /* MyGame1 */,
			);
		};
/* End PBXProject section */

/* Begin PBXResourcesBuildPhase section */
		793354C82097478500F5029C /* Resources */ = {
			isa = PBXResourcesBuildPhase;
			buildActionMask = 2147483647;
			files = (
				793354D92097478500F5029C /* Main.storyboard in Resources */,
				793354D02097478500F5029C /* GameScene.sks in Resources */,
				793354DB2097478500F5029C /* Assets.xcassets in Resources */,
				793354DE2097478500F5029C /* LaunchScreen.storyboard in Resources */,
				793354D22097478500F5029C /* Actions.sks in Resources */,
			);
			runOnlyForDeploymentPostprocessing = 0;
		};
/* End PBXResourcesBuildPhase section */

/* Begin PBXSourcesBuildPhase section */
		793354C62097478500F5029C /* Sources */ = {
			isa = PBXSourcesBuildPhase;
			buildActionMask = 2147483647;
			files = (
				793354D42097478500F5029C /* GameScene.swift in Sources */,
				793354D62097478500F5029C /* GameViewController.swift in Sources */,
				793354CE2097478500F5029C /* AppDelegate.swift in Sources */,
			);
			runOnlyForDeploymentPostprocessing = 0;
		};
/* End PBXSourcesBuildPhase section */

/* Begin PBXVariantGroup section */
		793354D72097478500F5029C /* Main.storyboard */ = {
			isa = PBXVariantGroup;
			children = (
				793354D82097478500F5029C /* Base */,
			);
			name = Main.storyboard;
			sourceTree = "<group>";
		};
		793354DC2097478500F5029C /* LaunchScreen.storyboard */ = {
			isa = PBXVariantGroup;
			children = (
				793354DD2097478500F5029C /* Base */,
			);
			name = LaunchScreen.storyboard;
			sourceTree = "<group>";
		};
/* End PBXVariantGroup section */

/* Begin XCBuildConfiguration section */
		793354E02097478500F5029C /* Debug */ = {
			isa = XCBuildConfiguration;
			buildSettings = {
				ALWAYS_SEARCH_USER_PATHS = NO;
				CLANG_ANALYZER_NONNULL = YES;
				CLANG_ANALYZER_NUMBER_OBJECT_CONVERSION = YES_AGGRESSIVE;
				CLANG_CXX_LANGUAGE_STANDARD = "gnu++14";
				CLANG_CXX_LIBRARY = "libc++";
				CLANG_ENABLE_MODULES = YES;
				CLANG_ENABLE_OBJC_ARC = YES;
				CLANG_WARN_BLOCK_CAPTURE_AUTORELEASING = YES;
				CLANG_WARN_BOOL_CONVERSION = YES;
				CLANG_WARN_COMMA = YES;
				CLANG_WARN_CONSTANT_CONVERSION = YES;
				CLANG_WARN_DIRECT_OBJC_ISA_USAGE = YES_ERROR;
				CLANG_WARN_DOCUMENTATION_COMMENTS = YES;
				CLANG_WARN_EMPTY_BODY = YES;
				CLANG_WARN_ENUM_CONVERSION = YES;
				CLANG_WARN_INFINITE_RECURSION = YES;
				CLANG_WARN_INT_CONVERSION = YES;
				CLANG_WARN_NON_LITERAL_NULL_CONVERSION = YES;
				CLANG_WARN_OBJC_LITERAL_CONVERSION = YES;
				CLANG_WARN_OBJC_ROOT_CLASS = YES_ERROR;
				CLANG_WARN_RANGE_LOOP_ANALYSIS = YES;
				CLANG_WARN_STRICT_PROTOTYPES = YES;
				CLANG_WARN_SUSPICIOUS_MOVE = YES;
				CLANG_WARN_UNGUARDED_AVAILABILITY = YES_AGGRESSIVE;
				CLANG_WARN_UNREACHABLE_CODE = YES;
				CLANG_WARN__DUPLICATE_METHOD_MATCH = YES;
				CODE_SIGN_IDENTITY = "iPhone Developer";
				COPY_PHASE_STRIP = NO;
				DEBUG_INFORMATION_FORMAT = dwarf;
				ENABLE_STRICT_OBJC_MSGSEND = YES;
				ENABLE_TESTABILITY = YES;
				GCC_C_LANGUAGE_STANDARD = gnu11;
				GCC_DYNAMIC_NO_PIC = NO;
				GCC_NO_COMMON_BLOCKS = YES;
				GCC_OPTIMIZATION_LEVEL = 0;
				GCC_PREPROCESSOR_DEFINITIONS = (
					"DEBUG=1",
					"$(inherited)",
				);
				GCC_WARN_64_TO_32_BIT_CONVERSION = YES;
				GCC_WARN_ABOUT_RETURN_TYPE = YES_ERROR;
				GCC_WARN_UNDECLARED_SELECTOR = YES;
				GCC_WARN_UNINITIALIZED_AUTOS = YES_AGGRESSIVE;
				GCC_WARN_UNUSED_FUNCTION = YES;
				GCC_WARN_UNUSED_VARIABLE = YES;
				IPHONEOS_DEPLOYMENT_TARGET = 11.2;
				MTL_ENABLE_DEBUG_INFO = YES;
				ONLY_ACTIVE_ARCH = YES;
				SDKROOT = iphoneos;
				SWIFT_ACTIVE_COMPILATION_CONDITIONS = DEBUG;
				SWIFT_OPTIMIZATION_LEVEL = "-Onone";
			};
			name = Debug;
		};
		793354E12097478500F5029C /* Release */ = {
			isa = XCBuildConfiguration;
			buildSettings = {
				ALWAYS_SEARCH_USER_PATHS = NO;
				CLANG_ANALYZER_NONNULL = YES;
				CLANG_ANALYZER_NUMBER_OBJECT_CONVERSION = YES_AGGRESSIVE;
				CLANG_CXX_LANGUAGE_STANDARD = "gnu++14";
				CLANG_CXX_LIBRARY = "libc++";
				CLANG_ENABLE_MODULES = YES;
				CLANG_ENABLE_OBJC_ARC = YES;
				CLANG_WARN_BLOCK_CAPTURE_AUTORELEASING = YES;
				CLANG_WARN_BOOL_CONVERSION = YES;
				CLANG_WARN_COMMA = YES;
				CLANG_WARN_CONSTANT_CONVERSION = YES;
				CLANG_WARN_DIRECT_OBJC_ISA_USAGE = YES_ERROR;
				CLANG_WARN_DOCUMENTATION_COMMENTS = YES;
				CLANG_WARN_EMPTY_BODY = YES;
				CLANG_WARN_ENUM_CONVERSION = YES;
				CLANG_WARN_INFINITE_RECURSION = YES;
				CLANG_WARN_INT_CONVERSION = YES;
				CLANG_WARN_NON_LITERAL_NULL_CONVERSION = YES;
				CLANG_WARN_OBJC_LITERAL_CONVERSION = YES;
				CLANG_WARN_OBJC_ROOT_CLASS = YES_ERROR;
				CLANG_WARN_RANGE_LOOP_ANALYSIS = YES;
				CLANG_WARN_STRICT_PROTOTYPES = YES;
				CLANG_WARN_SUSPICIOUS_MOVE = YES;
				CLANG_WARN_UNGUARDED_AVAILABILITY = YES_AGGRESSIVE;
				CLANG_WARN_UNREACHABLE_CODE = YES;
				CLANG_WARN__DUPLICATE_METHOD_MATCH = YES;
				CODE_SIGN_IDENTITY = "iPhone Developer";
				COPY_PHASE_STRIP = NO;
				DEBUG_INFORMATION_FORMAT = "dwarf-with-dsym";
				ENABLE_NS_ASSERTIONS = NO;
				ENABLE_STRICT_OBJC_MSGSEND = YES;
				GCC_C_LANGUAGE_STANDARD = gnu11;
				GCC_NO_COMMON_BLOCKS = YES;
				GCC_WARN_64_TO_32_BIT_CONVERSION = YES;
				GCC_WARN_ABOUT_RETURN_TYPE = YES_ERROR;
				GCC_WARN_UNDECLARED_SELECTOR = YES;
				GCC_WARN_UNINITIALIZED_AUTOS = YES_AGGRESSIVE;
				GCC_WARN_UNUSED_FUNCTION = YES;
				GCC_WARN_UNUSED_VARIABLE = YES;
				IPHONEOS_DEPLOYMENT_TARGET = 11.2;
				MTL_ENABLE_DEBUG_INFO = NO;
				SDKROOT = iphoneos;
				SWIFT_OPTIMIZATION_LEVEL = "-Owholemodule";
				VALIDATE_PRODUCT = YES;
			};
			name = Release;
		};
		793354E32097478500F5029C /* Debug */ = {
			isa = XCBuildConfiguration;
			buildSettings = {
				ASSETCATALOG_COMPILER_APPICON_NAME = AppIcon;
				CODE_SIGN_STYLE = Automatic;
				DEVELOPMENT_TEAM = WY6HQ6QYLX;
				INFOPLIST_FILE = MyGame1/Info.plist;
				LD_RUNPATH_SEARCH_PATHS = "$(inherited) @executable_path/Frameworks";
				PRODUCT_BUNDLE_IDENTIFIER = test.MyGame1;
				PRODUCT_NAME = "$(TARGET_NAME)";
				SWIFT_VERSION = 4.0;
				TARGETED_DEVICE_FAMILY = "1,2";
			};
			name = Debug;
		};
		793354E42097478500F5029C /* Release */ = {
			isa = XCBuildConfiguration;
			buildSettings = {
				ASSETCATALOG_COMPILER_APPICON_NAME = AppIcon;
				CODE_SIGN_STYLE = Automatic;
				DEVELOPMENT_TEAM = WY6HQ6QYLX;
				INFOPLIST_FILE = MyGame1/Info.plist;
				LD_RUNPATH_SEARCH_PATHS = "$(inherited) @executable_path/Frameworks";
				PRODUCT_BUNDLE_IDENTIFIER = test.MyGame1;
				PRODUCT_NAME = "$(TARGET_NAME)";
				SWIFT_VERSION = 4.0;
				TARGETED_DEVICE_FAMILY = "1,2";
			};
			name = Release;
		};
/* End XCBuildConfiguration section */

/* Begin XCConfigurationList section */
		793354C52097478500F5029C /* Build configuration list for PBXProject "MyGame1" */ = {
			isa = XCConfigurationList;
			buildConfigurations = (
				793354E02097478500F5029C /* Debug */,
				793354E12097478500F5029C /* Release */,
			);
			defaultConfigurationIsVisible = 0;
			defaultConfigurationName = Release;
		};
		793354E22097478500F5029C /* Build configuration list for PBXNativeTarget "MyGame1" */ = {
			isa = XCConfigurationList;
			buildConfigurations = (
				793354E32097478500F5029C /* Debug */,
				793354E42097478500F5029C /* Release */,
			);
			defaultConfigurationIsVisible = 0;
			defaultConfigurationName = Release;
		};
/* End XCConfigurationList section */
	};
	rootObject = 793354C22097478500F5029C /* Project object */;
}
